
Microsoft Visual Studio Solution File, Format Version 12.00
# Visual Studio Version 16
VisualStudioVersion = 16.0.31729.503
MinimumVisualStudioVersion = 10.0.40219.1
Project("{FAE04EC0-301F-11D3-BF4B-00C04F79EFBC}") = "MethodsChallenge", "MethodsChallenge\MethodsChallenge.csproj", "{A442D156-64A8-4D5A-92D5-CA0B56CF4CC8}"
EndProject
Global
	GlobalSection(SolutionConfigurationPlatforms) = preSolution
		Debug|Any CPU = Debug|Any CPU
		Release|Any CPU = Release|Any CPU
	EndGlobalSection
	GlobalSection(ProjectConfigurationPlatforms) = postSolution
		{A442D156-64A8-4D5A-92D5-CA0B56CF4CC8}.Debug|Any CPU.ActiveCfg = Debug|Any CPU
		{A442D156-64A8-4D5A-92D5-CA0B56CF4CC8}.Debug|Any CPU.Build.0 = Debug|Any CPU
		{A442D156-64A8-4D5A-92D5-CA0B56CF4CC8}.Release|Any CPU.ActiveCfg = Release|Any CPU
		{A442D156-64A8-4D5A-92D5-CA0B56CF4CC8}.Release|Any CPU.Build.0 = Release|Any CPU
	EndGlobalSection
	GlobalSection(SolutionProperties) = preSolution
		HideSolutionNode = FALSE
	EndGlobalSection
	GlobalSection(ExtensibilityGlobals) = postSolution
		SolutionGuid = {35643C7F-14A3-4B4A-962E-3146A97EDF51}
	EndGlobalSection
EndGlobal
